
Microsoft Visual Studio Solution File, Format Version 12.00
# Visual Studio 2013
VisualStudioVersion = 12.0.31101.0
MinimumVisualStudioVersion = 10.0.40219.1
Project("{FAE04EC0-301F-11D3-BF4B-00C04F79EFBC}") = "MtomService", "MtomService\MtomService.csproj", "{55FD8CF0-ECAB-40FF-991D-60179A062C78}"
EndProject
Project("{FAE04EC0-301F-11D3-BF4B-00C04F79EFBC}") = "MtomServiceHost", "MtomServiceHost\MtomServiceHost.csproj", "{51B9E30E-F614-4CCD-A5DE-2DF858D9CF24}"
EndProject
Global
	GlobalSection(SolutionConfigurationPlatforms) = preSolution
		Debug|Any CPU = Debug|Any CPU
		Release|Any CPU = Release|Any CPU
	EndGlobalSection
	GlobalSection(ProjectConfigurationPlatforms) = postSolution
		{55FD8CF0-ECAB-40FF-991D-60179A062C78}.Debug|Any CPU.ActiveCfg = Debug|Any CPU
		{55FD8CF0-ECAB-40FF-991D-60179A062C78}.Debug|Any CPU.Build.0 = Debug|Any CPU
		{55FD8CF0-ECAB-40FF-991D-60179A062C78}.Release|Any CPU.ActiveCfg = Release|Any CPU
		{55FD8CF0-ECAB-40FF-991D-60179A062C78}.Release|Any CPU.Build.0 = Release|Any CPU
		{51B9E30E-F614-4CCD-A5DE-2DF858D9CF24}.Debug|Any CPU.ActiveCfg = Debug|Any CPU
		{51B9E30E-F614-4CCD-A5DE-2DF858D9CF24}.Debug|Any CPU.Build.0 = Debug|Any CPU
		{51B9E30E-F614-4CCD-A5DE-2DF858D9CF24}.Release|Any CPU.ActiveCfg = Release|Any CPU
		{51B9E30E-F614-4CCD-A5DE-2DF858D9CF24}.Release|Any CPU.Build.0 = Release|Any CPU
	EndGlobalSection
	GlobalSection(SolutionProperties) = preSolution
		HideSolutionNode = FALSE
	EndGlobalSection
EndGlobal
