
Microsoft Visual Studio Solution File, Format Version 12.00
# Visual Studio 2013
VisualStudioVersion = 12.0.31101.0
MinimumVisualStudioVersion = 10.0.40219.1
Project("{FAE04EC0-301F-11D3-BF4B-00C04F79EFBC}") = "SimpleThrottleService", "SimpleThrottleService\SimpleThrottleService.csproj", "{C12448FD-E2F8-41AD-B0B5-96148D4022EF}"
EndProject
Project("{FAE04EC0-301F-11D3-BF4B-00C04F79EFBC}") = "Host", "Host\Host.csproj", "{C634C6DA-FE98-44D5-895E-522966C0DC2A}"
EndProject
Global
	GlobalSection(SolutionConfigurationPlatforms) = preSolution
		Debug|Any CPU = Debug|Any CPU
		Release|Any CPU = Release|Any CPU
	EndGlobalSection
	GlobalSection(ProjectConfigurationPlatforms) = postSolution
		{C12448FD-E2F8-41AD-B0B5-96148D4022EF}.Debug|Any CPU.ActiveCfg = Debug|Any CPU
		{C12448FD-E2F8-41AD-B0B5-96148D4022EF}.Debug|Any CPU.Build.0 = Debug|Any CPU
		{C12448FD-E2F8-41AD-B0B5-96148D4022EF}.Release|Any CPU.ActiveCfg = Release|Any CPU
		{C12448FD-E2F8-41AD-B0B5-96148D4022EF}.Release|Any CPU.Build.0 = Release|Any CPU
		{C634C6DA-FE98-44D5-895E-522966C0DC2A}.Debug|Any CPU.ActiveCfg = Debug|Any CPU
		{C634C6DA-FE98-44D5-895E-522966C0DC2A}.Debug|Any CPU.Build.0 = Debug|Any CPU
		{C634C6DA-FE98-44D5-895E-522966C0DC2A}.Release|Any CPU.ActiveCfg = Release|Any CPU
		{C634C6DA-FE98-44D5-895E-522966C0DC2A}.Release|Any CPU.Build.0 = Release|Any CPU
	EndGlobalSection
	GlobalSection(SolutionProperties) = preSolution
		HideSolutionNode = FALSE
	EndGlobalSection
EndGlobal
