
Microsoft Visual Studio Solution File, Format Version 12.00
# Visual Studio 15
VisualStudioVersion = 15.0.27004.2009
MinimumVisualStudioVersion = 10.0.40219.1
Project("{FAE04EC0-301F-11D3-BF4B-00C04F79EFBC}") = "GeoLibrary.Contracts", "GeoLibrary.Contracts\GeoLibrary.Contracts.csproj", "{48B3B70E-2BD2-4EBB-A9DD-F242AD199623}"
EndProject
Project("{FAE04EC0-301F-11D3-BF4B-00C04F79EFBC}") = "GeoLibrary.Core", "GeoLibrary.Core\GeoLibrary.Core.csproj", "{33D0070A-69A9-4A15-B73C-3653D8C65403}"
EndProject
Project("{FAE04EC0-301F-11D3-BF4B-00C04F79EFBC}") = "GeoLibrary.Data", "GeoLibrary.Data\GeoLibrary.Data.csproj", "{E891A649-6A39-4B7A-A2D9-07CCC9CC6BC5}"
EndProject
Project("{FAE04EC0-301F-11D3-BF4B-00C04F79EFBC}") = "GeoLibrary.Services", "GeoLibrary.Services\GeoLibrary.Services.csproj", "{9CDBE0D9-42AC-436B-AF4A-470C21F0A2B4}"
EndProject
Project("{FAE04EC0-301F-11D3-BF4B-00C04F79EFBC}") = "GeoLibrary.WebHost", "GeoLibrary.WebHost\GeoLibrary.WebHost.csproj", "{F3914BDB-0623-4B4B-8D9D-A88170370F15}"
EndProject
Global
	GlobalSection(SolutionConfigurationPlatforms) = preSolution
		Debug|Any CPU = Debug|Any CPU
		Release|Any CPU = Release|Any CPU
	EndGlobalSection
	GlobalSection(ProjectConfigurationPlatforms) = postSolution
		{48B3B70E-2BD2-4EBB-A9DD-F242AD199623}.Debug|Any CPU.ActiveCfg = Debug|Any CPU
		{48B3B70E-2BD2-4EBB-A9DD-F242AD199623}.Debug|Any CPU.Build.0 = Debug|Any CPU
		{48B3B70E-2BD2-4EBB-A9DD-F242AD199623}.Release|Any CPU.ActiveCfg = Release|Any CPU
		{48B3B70E-2BD2-4EBB-A9DD-F242AD199623}.Release|Any CPU.Build.0 = Release|Any CPU
		{33D0070A-69A9-4A15-B73C-3653D8C65403}.Debug|Any CPU.ActiveCfg = Debug|Any CPU
		{33D0070A-69A9-4A15-B73C-3653D8C65403}.Debug|Any CPU.Build.0 = Debug|Any CPU
		{33D0070A-69A9-4A15-B73C-3653D8C65403}.Release|Any CPU.ActiveCfg = Release|Any CPU
		{33D0070A-69A9-4A15-B73C-3653D8C65403}.Release|Any CPU.Build.0 = Release|Any CPU
		{E891A649-6A39-4B7A-A2D9-07CCC9CC6BC5}.Debug|Any CPU.ActiveCfg = Debug|Any CPU
		{E891A649-6A39-4B7A-A2D9-07CCC9CC6BC5}.Debug|Any CPU.Build.0 = Debug|Any CPU
		{E891A649-6A39-4B7A-A2D9-07CCC9CC6BC5}.Release|Any CPU.ActiveCfg = Release|Any CPU
		{E891A649-6A39-4B7A-A2D9-07CCC9CC6BC5}.Release|Any CPU.Build.0 = Release|Any CPU
		{9CDBE0D9-42AC-436B-AF4A-470C21F0A2B4}.Debug|Any CPU.ActiveCfg = Debug|Any CPU
		{9CDBE0D9-42AC-436B-AF4A-470C21F0A2B4}.Debug|Any CPU.Build.0 = Debug|Any CPU
		{9CDBE0D9-42AC-436B-AF4A-470C21F0A2B4}.Release|Any CPU.ActiveCfg = Release|Any CPU
		{9CDBE0D9-42AC-436B-AF4A-470C21F0A2B4}.Release|Any CPU.Build.0 = Release|Any CPU
		{F3914BDB-0623-4B4B-8D9D-A88170370F15}.Debug|Any CPU.ActiveCfg = Debug|Any CPU
		{F3914BDB-0623-4B4B-8D9D-A88170370F15}.Debug|Any CPU.Build.0 = Debug|Any CPU
		{F3914BDB-0623-4B4B-8D9D-A88170370F15}.Release|Any CPU.ActiveCfg = Release|Any CPU
		{F3914BDB-0623-4B4B-8D9D-A88170370F15}.Release|Any CPU.Build.0 = Release|Any CPU
	EndGlobalSection
	GlobalSection(SolutionProperties) = preSolution
		HideSolutionNode = FALSE
	EndGlobalSection
	GlobalSection(ExtensibilityGlobals) = postSolution
		SolutionGuid = {66E87365-25D2-4B7F-AB40-9BEE99564E43}
	EndGlobalSection
EndGlobal
