
Microsoft Visual Studio Solution File, Format Version 12.00
# Visual Studio 15
VisualStudioVersion = 15.0.27130.2003
MinimumVisualStudioVersion = 10.0.40219.1
Project("{FAE04EC0-301F-11D3-BF4B-00C04F79EFBC}") = "Postal.Catalog.WebHost", "PostalService\Postal.Catalog.WebHost.csproj", "{2E1A7D9A-FAC3-4394-A9DA-C6812F5871DE}"
EndProject
Project("{FAE04EC0-301F-11D3-BF4B-00C04F79EFBC}") = "GeoLibrary.Data", "GeoLibrary.Data\GeoLibrary.Data.csproj", "{E891A649-6A39-4B7A-A2D9-07CCC9CC6BC5}"
EndProject
Project("{FAE04EC0-301F-11D3-BF4B-00C04F79EFBC}") = "GeoLibrary.Core", "GeoLibrary.Core\GeoLibrary.Core.csproj", "{33D0070A-69A9-4A15-B73C-3653D8C65403}"
EndProject
Project("{FAE04EC0-301F-11D3-BF4B-00C04F79EFBC}") = "Postal.Catalog.Contracts", "Postal.Catalog.Contracts\Postal.Catalog.Contracts.csproj", "{229D5D66-DB49-47F1-8E41-3B37DCAA18C5}"
EndProject
Project("{FAE04EC0-301F-11D3-BF4B-00C04F79EFBC}") = "Postal.Catalog.Services", "Postal.Catalog.Services\Postal.Catalog.Services.csproj", "{B75623C9-376C-408B-9FD3-020ED2B4DC58}"
EndProject
Project("{FAE04EC0-301F-11D3-BF4B-00C04F79EFBC}") = "Postal.Catagalog.MvcClient", "Postal.Catagalog.MvcClient\Postal.Catagalog.MvcClient.csproj", "{E2F62EC1-F877-4A1B-BED2-90C31B3484D6}"
EndProject
Global
	GlobalSection(SolutionConfigurationPlatforms) = preSolution
		Debug|Any CPU = Debug|Any CPU
		Release|Any CPU = Release|Any CPU
	EndGlobalSection
	GlobalSection(ProjectConfigurationPlatforms) = postSolution
		{2E1A7D9A-FAC3-4394-A9DA-C6812F5871DE}.Debug|Any CPU.ActiveCfg = Debug|Any CPU
		{2E1A7D9A-FAC3-4394-A9DA-C6812F5871DE}.Debug|Any CPU.Build.0 = Debug|Any CPU
		{2E1A7D9A-FAC3-4394-A9DA-C6812F5871DE}.Release|Any CPU.ActiveCfg = Release|Any CPU
		{2E1A7D9A-FAC3-4394-A9DA-C6812F5871DE}.Release|Any CPU.Build.0 = Release|Any CPU
		{E891A649-6A39-4B7A-A2D9-07CCC9CC6BC5}.Debug|Any CPU.ActiveCfg = Debug|Any CPU
		{E891A649-6A39-4B7A-A2D9-07CCC9CC6BC5}.Debug|Any CPU.Build.0 = Debug|Any CPU
		{E891A649-6A39-4B7A-A2D9-07CCC9CC6BC5}.Release|Any CPU.ActiveCfg = Release|Any CPU
		{E891A649-6A39-4B7A-A2D9-07CCC9CC6BC5}.Release|Any CPU.Build.0 = Release|Any CPU
		{33D0070A-69A9-4A15-B73C-3653D8C65403}.Debug|Any CPU.ActiveCfg = Debug|Any CPU
		{33D0070A-69A9-4A15-B73C-3653D8C65403}.Debug|Any CPU.Build.0 = Debug|Any CPU
		{33D0070A-69A9-4A15-B73C-3653D8C65403}.Release|Any CPU.ActiveCfg = Release|Any CPU
		{33D0070A-69A9-4A15-B73C-3653D8C65403}.Release|Any CPU.Build.0 = Release|Any CPU
		{229D5D66-DB49-47F1-8E41-3B37DCAA18C5}.Debug|Any CPU.ActiveCfg = Debug|Any CPU
		{229D5D66-DB49-47F1-8E41-3B37DCAA18C5}.Debug|Any CPU.Build.0 = Debug|Any CPU
		{229D5D66-DB49-47F1-8E41-3B37DCAA18C5}.Release|Any CPU.ActiveCfg = Release|Any CPU
		{229D5D66-DB49-47F1-8E41-3B37DCAA18C5}.Release|Any CPU.Build.0 = Release|Any CPU
		{B75623C9-376C-408B-9FD3-020ED2B4DC58}.Debug|Any CPU.ActiveCfg = Debug|Any CPU
		{B75623C9-376C-408B-9FD3-020ED2B4DC58}.Debug|Any CPU.Build.0 = Debug|Any CPU
		{B75623C9-376C-408B-9FD3-020ED2B4DC58}.Release|Any CPU.ActiveCfg = Release|Any CPU
		{B75623C9-376C-408B-9FD3-020ED2B4DC58}.Release|Any CPU.Build.0 = Release|Any CPU
		{E2F62EC1-F877-4A1B-BED2-90C31B3484D6}.Debug|Any CPU.ActiveCfg = Debug|Any CPU
		{E2F62EC1-F877-4A1B-BED2-90C31B3484D6}.Debug|Any CPU.Build.0 = Debug|Any CPU
		{E2F62EC1-F877-4A1B-BED2-90C31B3484D6}.Release|Any CPU.ActiveCfg = Release|Any CPU
		{E2F62EC1-F877-4A1B-BED2-90C31B3484D6}.Release|Any CPU.Build.0 = Release|Any CPU
	EndGlobalSection
	GlobalSection(SolutionProperties) = preSolution
		HideSolutionNode = FALSE
	EndGlobalSection
	GlobalSection(ExtensibilityGlobals) = postSolution
		SolutionGuid = {25DB4FE3-B75E-44F2-957D-8326D15E8856}
	EndGlobalSection
EndGlobal
